# This file is autogenerated, do not edit; changes may be undone by the next 'dep ensure'.


[[projects]]
  name = "github.com/op/go-nanomsg"
  packages = ["."]
  revision = "48d7bb6353dec050b3020e54028984eea4d350d1"

[[projects]]
  branch = "master"
  name = "github.com/redsift/go-mangosock"
  packages = ["nano"]
  revision = "453c23816a96858a1464a5cc41810874a264933d"

[solve-meta]
  analyzer-name = "dep"
  analyzer-version = 1
  inputs-digest = "ae134b1056f316cc53b2a634c6bd3c682f6a7ec2b921391f140732c8f6b420a9"
  solver-name = "gps-cdcl"
  solver-version = 1
